
Microsoft Visual Studio Solution File, Format Version 12.00
Project("{FAE04EC0-301F-11D3-BF4B-00C04F79EFBC}") = "Reviews.Domain", "src\Reviews.Domain\Reviews.Domain.csproj", "{5A3F91D2-0229-48E7-AB06-52804C986A22}"
EndProject
Project("{FAE04EC0-301F-11D3-BF4B-00C04F79EFBC}") = "Reviews.Core", "src\Reviews.Core\Reviews.Core.csproj", "{DD5ED2BA-570B-4CB4-B11C-F26C844A1349}"
EndProject
Project("{FAE04EC0-301F-11D3-BF4B-00C04F79EFBC}") = "Reviews.Core.EventStore", "src\Reviews.Core.EventStore\Reviews.Core.EventStore.csproj", "{3276547A-0497-4290-8960-8DE5422DFE03}"
EndProject
Project("{2150E333-8FDC-42A3-9474-1A3956D46DE8}") = "00-core", "00-core", "{8F4F710B-85EC-4889-916A-592E8BBFB985}"
EndProject
Project("{FAE04EC0-301F-11D3-BF4B-00C04F79EFBC}") = "Reviews.Core.Projections.RavenDb", "src\Reviews.Core.Projections.RavenDb\Reviews.Core.Projections.RavenDb.csproj", "{42C1075E-9B18-4B0F-A354-7D7E717BDE4D}"
EndProject
Project("{FAE04EC0-301F-11D3-BF4B-00C04F79EFBC}") = "Reviews.Core.Snapshots.Providers", "src\Reviews.Core.Snapshots.Providers\Reviews.Core.Snapshots.Providers.csproj", "{C9351278-F529-4577-B144-362A2DE7C11A}"
EndProject
Project("{FAE04EC0-301F-11D3-BF4B-00C04F79EFBC}") = "Reviews.Service.Contract", "src\Reviews.Service.Contract\Reviews.Service.Contract.csproj", "{13C98415-2C4F-452E-B848-F7B4EAF30F78}"
EndProject
Project("{FAE04EC0-301F-11D3-BF4B-00C04F79EFBC}") = "Reviews.Service.QueryApi", "src\Reviews.Service.QueryApi\Reviews.Service.QueryApi.csproj", "{3018DB69-989C-4C78-A8A2-F77B4721676F}"
EndProject
Project("{FAE04EC0-301F-11D3-BF4B-00C04F79EFBC}") = "Reviews.Service.WebApi", "src\Reviews.Service.WebApi\Reviews.Service.WebApi.csproj", "{61367D3A-B4A4-4B8B-AA13-90FBCD35E38E}"
EndProject
Project("{2150E333-8FDC-42A3-9474-1A3956D46DE8}") = "01-domain", "01-domain", "{0F8E586D-3B06-48A3-8A37-EE117DD86381}"
EndProject
Project("{2150E333-8FDC-42A3-9474-1A3956D46DE8}") = "02-application", "02-application", "{BBE8AE34-8A48-4347-A6A7-E8CA0B42FA41}"
EndProject
Project("{2150E333-8FDC-42A3-9474-1A3956D46DE8}") = "03-tests", "03-tests", "{E7E8B543-8BFE-4550-BF0D-1C100AEE6218}"
EndProject
Project("{FAE04EC0-301F-11D3-BF4B-00C04F79EFBC}") = "Reviews.Domain.Test", "tests\Reviews.Domain.Test\Reviews.Domain.Test.csproj", "{B7FEDF72-C209-446D-8346-50E1256C8C11}"
EndProject
Project("{FAE04EC0-301F-11D3-BF4B-00C04F79EFBC}") = "Reviews.Core.EventStore.Tests", "tests\Reviews.Core.EventStore.Tests\Reviews.Core.EventStore.Tests.csproj", "{046FFF1B-413E-40E9-A79E-0DCF94E8745B}"
EndProject
Project("{FAE04EC0-301F-11D3-BF4B-00C04F79EFBC}") = "Reviews.Core.Projections.RavenDb.Test", "tests\Reviews.Core.Projections.RavenDb.Test\Reviews.Core.Projections.RavenDb.Test.csproj", "{BB1661B4-1F67-43D7-95E4-0E12377B7463}"
EndProject
Global
	GlobalSection(SolutionConfigurationPlatforms) = preSolution
		Debug|Any CPU = Debug|Any CPU
		Release|Any CPU = Release|Any CPU
	EndGlobalSection
	GlobalSection(ProjectConfigurationPlatforms) = postSolution
		{5A3F91D2-0229-48E7-AB06-52804C986A22}.Debug|Any CPU.ActiveCfg = Debug|Any CPU
		{5A3F91D2-0229-48E7-AB06-52804C986A22}.Debug|Any CPU.Build.0 = Debug|Any CPU
		{5A3F91D2-0229-48E7-AB06-52804C986A22}.Release|Any CPU.ActiveCfg = Release|Any CPU
		{5A3F91D2-0229-48E7-AB06-52804C986A22}.Release|Any CPU.Build.0 = Release|Any CPU
		{DD5ED2BA-570B-4CB4-B11C-F26C844A1349}.Debug|Any CPU.ActiveCfg = Debug|Any CPU
		{DD5ED2BA-570B-4CB4-B11C-F26C844A1349}.Debug|Any CPU.Build.0 = Debug|Any CPU
		{DD5ED2BA-570B-4CB4-B11C-F26C844A1349}.Release|Any CPU.ActiveCfg = Release|Any CPU
		{DD5ED2BA-570B-4CB4-B11C-F26C844A1349}.Release|Any CPU.Build.0 = Release|Any CPU
		{3276547A-0497-4290-8960-8DE5422DFE03}.Debug|Any CPU.ActiveCfg = Debug|Any CPU
		{3276547A-0497-4290-8960-8DE5422DFE03}.Debug|Any CPU.Build.0 = Debug|Any CPU
		{3276547A-0497-4290-8960-8DE5422DFE03}.Release|Any CPU.ActiveCfg = Release|Any CPU
		{3276547A-0497-4290-8960-8DE5422DFE03}.Release|Any CPU.Build.0 = Release|Any CPU
		{42C1075E-9B18-4B0F-A354-7D7E717BDE4D}.Debug|Any CPU.ActiveCfg = Debug|Any CPU
		{42C1075E-9B18-4B0F-A354-7D7E717BDE4D}.Debug|Any CPU.Build.0 = Debug|Any CPU
		{42C1075E-9B18-4B0F-A354-7D7E717BDE4D}.Release|Any CPU.ActiveCfg = Release|Any CPU
		{42C1075E-9B18-4B0F-A354-7D7E717BDE4D}.Release|Any CPU.Build.0 = Release|Any CPU
		{C9351278-F529-4577-B144-362A2DE7C11A}.Debug|Any CPU.ActiveCfg = Debug|Any CPU
		{C9351278-F529-4577-B144-362A2DE7C11A}.Debug|Any CPU.Build.0 = Debug|Any CPU
		{C9351278-F529-4577-B144-362A2DE7C11A}.Release|Any CPU.ActiveCfg = Release|Any CPU
		{C9351278-F529-4577-B144-362A2DE7C11A}.Release|Any CPU.Build.0 = Release|Any CPU
		{13C98415-2C4F-452E-B848-F7B4EAF30F78}.Debug|Any CPU.ActiveCfg = Debug|Any CPU
		{13C98415-2C4F-452E-B848-F7B4EAF30F78}.Debug|Any CPU.Build.0 = Debug|Any CPU
		{13C98415-2C4F-452E-B848-F7B4EAF30F78}.Release|Any CPU.ActiveCfg = Release|Any CPU
		{13C98415-2C4F-452E-B848-F7B4EAF30F78}.Release|Any CPU.Build.0 = Release|Any CPU
		{3018DB69-989C-4C78-A8A2-F77B4721676F}.Debug|Any CPU.ActiveCfg = Debug|Any CPU
		{3018DB69-989C-4C78-A8A2-F77B4721676F}.Debug|Any CPU.Build.0 = Debug|Any CPU
		{3018DB69-989C-4C78-A8A2-F77B4721676F}.Release|Any CPU.ActiveCfg = Release|Any CPU
		{3018DB69-989C-4C78-A8A2-F77B4721676F}.Release|Any CPU.Build.0 = Release|Any CPU
		{61367D3A-B4A4-4B8B-AA13-90FBCD35E38E}.Debug|Any CPU.ActiveCfg = Debug|Any CPU
		{61367D3A-B4A4-4B8B-AA13-90FBCD35E38E}.Debug|Any CPU.Build.0 = Debug|Any CPU
		{61367D3A-B4A4-4B8B-AA13-90FBCD35E38E}.Release|Any CPU.ActiveCfg = Release|Any CPU
		{61367D3A-B4A4-4B8B-AA13-90FBCD35E38E}.Release|Any CPU.Build.0 = Release|Any CPU
		{B7FEDF72-C209-446D-8346-50E1256C8C11}.Debug|Any CPU.ActiveCfg = Debug|Any CPU
		{B7FEDF72-C209-446D-8346-50E1256C8C11}.Debug|Any CPU.Build.0 = Debug|Any CPU
		{B7FEDF72-C209-446D-8346-50E1256C8C11}.Release|Any CPU.ActiveCfg = Release|Any CPU
		{B7FEDF72-C209-446D-8346-50E1256C8C11}.Release|Any CPU.Build.0 = Release|Any CPU
		{046FFF1B-413E-40E9-A79E-0DCF94E8745B}.Debug|Any CPU.ActiveCfg = Debug|Any CPU
		{046FFF1B-413E-40E9-A79E-0DCF94E8745B}.Debug|Any CPU.Build.0 = Debug|Any CPU
		{046FFF1B-413E-40E9-A79E-0DCF94E8745B}.Release|Any CPU.ActiveCfg = Release|Any CPU
		{046FFF1B-413E-40E9-A79E-0DCF94E8745B}.Release|Any CPU.Build.0 = Release|Any CPU
		{BB1661B4-1F67-43D7-95E4-0E12377B7463}.Debug|Any CPU.ActiveCfg = Debug|Any CPU
		{BB1661B4-1F67-43D7-95E4-0E12377B7463}.Debug|Any CPU.Build.0 = Debug|Any CPU
		{BB1661B4-1F67-43D7-95E4-0E12377B7463}.Release|Any CPU.ActiveCfg = Release|Any CPU
		{BB1661B4-1F67-43D7-95E4-0E12377B7463}.Release|Any CPU.Build.0 = Release|Any CPU
	EndGlobalSection
	GlobalSection(NestedProjects) = preSolution
		{DD5ED2BA-570B-4CB4-B11C-F26C844A1349} = {8F4F710B-85EC-4889-916A-592E8BBFB985}
		{3276547A-0497-4290-8960-8DE5422DFE03} = {8F4F710B-85EC-4889-916A-592E8BBFB985}
		{42C1075E-9B18-4B0F-A354-7D7E717BDE4D} = {8F4F710B-85EC-4889-916A-592E8BBFB985}
		{C9351278-F529-4577-B144-362A2DE7C11A} = {8F4F710B-85EC-4889-916A-592E8BBFB985}
		{5A3F91D2-0229-48E7-AB06-52804C986A22} = {0F8E586D-3B06-48A3-8A37-EE117DD86381}
		{13C98415-2C4F-452E-B848-F7B4EAF30F78} = {BBE8AE34-8A48-4347-A6A7-E8CA0B42FA41}
		{3018DB69-989C-4C78-A8A2-F77B4721676F} = {BBE8AE34-8A48-4347-A6A7-E8CA0B42FA41}
		{61367D3A-B4A4-4B8B-AA13-90FBCD35E38E} = {BBE8AE34-8A48-4347-A6A7-E8CA0B42FA41}
		{B7FEDF72-C209-446D-8346-50E1256C8C11} = {E7E8B543-8BFE-4550-BF0D-1C100AEE6218}
		{046FFF1B-413E-40E9-A79E-0DCF94E8745B} = {E7E8B543-8BFE-4550-BF0D-1C100AEE6218}
		{BB1661B4-1F67-43D7-95E4-0E12377B7463} = {E7E8B543-8BFE-4550-BF0D-1C100AEE6218}
	EndGlobalSection
EndGlobal
